
Microsoft Visual Studio Solution File, Format Version 12.00
# Visual Studio Version 17
VisualStudioVersion = 17.14.37301.10 d17.14
MinimumVisualStudioVersion = 10.0.40219.1
Project("{FAE04EC0-301F-11D3-BF4B-00C04F79EFBC}") = "LibraryManagementApi", "LibraryManagementApi.csproj", "{2660F7D6-AC18-4481-8C01-E51450D79A05}"
EndProject
Global
	GlobalSection(SolutionConfigurationPlatforms) = preSolution
		Debug|Any CPU = Debug|Any CPU
		Release|Any CPU = Release|Any CPU
	EndGlobalSection
	GlobalSection(ProjectConfigurationPlatforms) = postSolution
		{2660F7D6-AC18-4481-8C01-E51450D79A05}.Debug|Any CPU.ActiveCfg = Debug|Any CPU
		{2660F7D6-AC18-4481-8C01-E51450D79A05}.Debug|Any CPU.Build.0 = Debug|Any CPU
		{2660F7D6-AC18-4481-8C01-E51450D79A05}.Release|Any CPU.ActiveCfg = Release|Any CPU
		{2660F7D6-AC18-4481-8C01-E51450D79A05}.Release|Any CPU.Build.0 = Release|Any CPU
	EndGlobalSection
	GlobalSection(SolutionProperties) = preSolution
		HideSolutionNode = FALSE
	EndGlobalSection
	GlobalSection(ExtensibilityGlobals) = postSolution
		SolutionGuid = {C1188287-5D0B-46CC-96E9-A1E383FF39D2}
	EndGlobalSection
EndGlobal
