
Microsoft Visual Studio Solution File, Format Version 12.00
# Visual Studio Version 17
VisualStudioVersion = 17.14.37301.10 d17.14
MinimumVisualStudioVersion = 10.0.40219.1
Project("{FAE04EC0-301F-11D3-BF4B-00C04F79EFBC}") = "LibraryManagementApi", "LibraryManagementApi.csproj", "{D9CDF18E-F6F0-4C9D-BD87-817B4010BF24}"
EndProject
Project("{FAE04EC0-301F-11D3-BF4B-00C04F79EFBC}") = "LibraryManagement.Application", "..\LibraryManagement.Application\LibraryManagement.Application.csproj", "{4F4B4D4E-564E-46F5-B496-B801C7A79E1B}"
EndProject
Project("{FAE04EC0-301F-11D3-BF4B-00C04F79EFBC}") = "LibraryManagement.Domain", "..\LibraryManagement.Domain\LibraryManagement.Domain.csproj", "{D183A762-5448-4A0D-8B13-4F5C6D4C170B}"
EndProject
Project("{FAE04EC0-301F-11D3-BF4B-00C04F79EFBC}") = "LibraryManagement.Infrastructure", "..\LibraryManagement.Infrastructure\LibraryManagement.Infrastructure.csproj", "{794461BA-1BFE-4A69-9B26-1156CA6F62F2}"
EndProject
Global
	GlobalSection(SolutionConfigurationPlatforms) = preSolution
		Debug|Any CPU = Debug|Any CPU
		Release|Any CPU = Release|Any CPU
	EndGlobalSection
	GlobalSection(ProjectConfigurationPlatforms) = postSolution
		{D9CDF18E-F6F0-4C9D-BD87-817B4010BF24}.Debug|Any CPU.ActiveCfg = Debug|Any CPU
		{D9CDF18E-F6F0-4C9D-BD87-817B4010BF24}.Debug|Any CPU.Build.0 = Debug|Any CPU
		{D9CDF18E-F6F0-4C9D-BD87-817B4010BF24}.Release|Any CPU.ActiveCfg = Release|Any CPU
		{D9CDF18E-F6F0-4C9D-BD87-817B4010BF24}.Release|Any CPU.Build.0 = Release|Any CPU
		{4F4B4D4E-564E-46F5-B496-B801C7A79E1B}.Debug|Any CPU.ActiveCfg = Debug|Any CPU
		{4F4B4D4E-564E-46F5-B496-B801C7A79E1B}.Debug|Any CPU.Build.0 = Debug|Any CPU
		{4F4B4D4E-564E-46F5-B496-B801C7A79E1B}.Release|Any CPU.ActiveCfg = Release|Any CPU
		{4F4B4D4E-564E-46F5-B496-B801C7A79E1B}.Release|Any CPU.Build.0 = Release|Any CPU
		{D183A762-5448-4A0D-8B13-4F5C6D4C170B}.Debug|Any CPU.ActiveCfg = Debug|Any CPU
		{D183A762-5448-4A0D-8B13-4F5C6D4C170B}.Debug|Any CPU.Build.0 = Debug|Any CPU
		{D183A762-5448-4A0D-8B13-4F5C6D4C170B}.Release|Any CPU.ActiveCfg = Release|Any CPU
		{D183A762-5448-4A0D-8B13-4F5C6D4C170B}.Release|Any CPU.Build.0 = Release|Any CPU
		{794461BA-1BFE-4A69-9B26-1156CA6F62F2}.Debug|Any CPU.ActiveCfg = Debug|Any CPU
		{794461BA-1BFE-4A69-9B26-1156CA6F62F2}.Debug|Any CPU.Build.0 = Debug|Any CPU
		{794461BA-1BFE-4A69-9B26-1156CA6F62F2}.Release|Any CPU.ActiveCfg = Release|Any CPU
		{794461BA-1BFE-4A69-9B26-1156CA6F62F2}.Release|Any CPU.Build.0 = Release|Any CPU
	EndGlobalSection
	GlobalSection(SolutionProperties) = preSolution
		HideSolutionNode = FALSE
	EndGlobalSection
	GlobalSection(ExtensibilityGlobals) = postSolution
		SolutionGuid = {F1915F77-9FA3-4D93-862D-25E88F494FF1}
	EndGlobalSection
EndGlobal
